
Microsoft Visual Studio Solution File, Format Version 12.00
# Visual Studio 15
VisualStudioVersion = 15.0.28010.2041
MinimumVisualStudioVersion = 10.0.40219.1
Project("{FAE04EC0-301F-11D3-BF4B-00C04F79EFBC}") = "Cinefolis.Android", "Cinefolis\Cinefolis.Android\Cinefolis.Android.csproj", "{133482AB-81A3-4076-960F-A1DC8D04B39B}"
EndProject
Project("{FAE04EC0-301F-11D3-BF4B-00C04F79EFBC}") = "Cinefolis.iOS", "Cinefolis\Cinefolis.iOS\Cinefolis.iOS.csproj", "{F22A1986-1B8E-460E-B3AC-48A017459B8F}"
EndProject
Project("{9A19103F-16F7-4668-BE54-9A1E7A4F7556}") = "Cinefolis", "Cinefolis\Cinefolis\Cinefolis.csproj", "{36C5D91A-DF20-49FC-8C3B-2F03D13A8BA5}"
EndProject
Project("{00D1A9C2-B5F0-4AF3-8072-F6C62B433612}") = "DB", "DB\DB.sqlproj", "{2B2797C7-4C9D-453B-87B4-0AEA43AFEF6A}"
EndProject
Project("{FAE04EC0-301F-11D3-BF4B-00C04F79EFBC}") = "BackEnd", "BackEnd\BackEnd.csproj", "{D5A58E90-50E7-4560-A0B4-935CAF48099E}"
EndProject
Global
	GlobalSection(SolutionConfigurationPlatforms) = preSolution
		Debug|Any CPU = Debug|Any CPU
		Debug|iPhone = Debug|iPhone
		Debug|iPhoneSimulator = Debug|iPhoneSimulator
		Release|Any CPU = Release|Any CPU
		Release|iPhone = Release|iPhone
		Release|iPhoneSimulator = Release|iPhoneSimulator
	EndGlobalSection
	GlobalSection(ProjectConfigurationPlatforms) = postSolution
		{133482AB-81A3-4076-960F-A1DC8D04B39B}.Debug|Any CPU.ActiveCfg = Debug|Any CPU
		{133482AB-81A3-4076-960F-A1DC8D04B39B}.Debug|Any CPU.Build.0 = Debug|Any CPU
		{133482AB-81A3-4076-960F-A1DC8D04B39B}.Debug|Any CPU.Deploy.0 = Debug|Any CPU
		{133482AB-81A3-4076-960F-A1DC8D04B39B}.Debug|iPhone.ActiveCfg = Debug|Any CPU
		{133482AB-81A3-4076-960F-A1DC8D04B39B}.Debug|iPhone.Build.0 = Debug|Any CPU
		{133482AB-81A3-4076-960F-A1DC8D04B39B}.Debug|iPhone.Deploy.0 = Debug|Any CPU
		{133482AB-81A3-4076-960F-A1DC8D04B39B}.Debug|iPhoneSimulator.ActiveCfg = Debug|Any CPU
		{133482AB-81A3-4076-960F-A1DC8D04B39B}.Debug|iPhoneSimulator.Build.0 = Debug|Any CPU
		{133482AB-81A3-4076-960F-A1DC8D04B39B}.Debug|iPhoneSimulator.Deploy.0 = Debug|Any CPU
		{133482AB-81A3-4076-960F-A1DC8D04B39B}.Release|Any CPU.ActiveCfg = Release|Any CPU
		{133482AB-81A3-4076-960F-A1DC8D04B39B}.Release|Any CPU.Build.0 = Release|Any CPU
		{133482AB-81A3-4076-960F-A1DC8D04B39B}.Release|Any CPU.Deploy.0 = Release|Any CPU
		{133482AB-81A3-4076-960F-A1DC8D04B39B}.Release|iPhone.ActiveCfg = Release|Any CPU
		{133482AB-81A3-4076-960F-A1DC8D04B39B}.Release|iPhone.Build.0 = Release|Any CPU
		{133482AB-81A3-4076-960F-A1DC8D04B39B}.Release|iPhone.Deploy.0 = Release|Any CPU
		{133482AB-81A3-4076-960F-A1DC8D04B39B}.Release|iPhoneSimulator.ActiveCfg = Release|Any CPU
		{133482AB-81A3-4076-960F-A1DC8D04B39B}.Release|iPhoneSimulator.Build.0 = Release|Any CPU
		{133482AB-81A3-4076-960F-A1DC8D04B39B}.Release|iPhoneSimulator.Deploy.0 = Release|Any CPU
		{F22A1986-1B8E-460E-B3AC-48A017459B8F}.Debug|Any CPU.ActiveCfg = Debug|iPhoneSimulator
		{F22A1986-1B8E-460E-B3AC-48A017459B8F}.Debug|Any CPU.Build.0 = Debug|iPhoneSimulator
		{F22A1986-1B8E-460E-B3AC-48A017459B8F}.Debug|Any CPU.Deploy.0 = Debug|iPhoneSimulator
		{F22A1986-1B8E-460E-B3AC-48A017459B8F}.Debug|iPhone.ActiveCfg = Debug|iPhone
		{F22A1986-1B8E-460E-B3AC-48A017459B8F}.Debug|iPhone.Build.0 = Debug|iPhone
		{F22A1986-1B8E-460E-B3AC-48A017459B8F}.Debug|iPhone.Deploy.0 = Debug|iPhone
		{F22A1986-1B8E-460E-B3AC-48A017459B8F}.Debug|iPhoneSimulator.ActiveCfg = Debug|iPhoneSimulator
		{F22A1986-1B8E-460E-B3AC-48A017459B8F}.Debug|iPhoneSimulator.Build.0 = Debug|iPhoneSimulator
		{F22A1986-1B8E-460E-B3AC-48A017459B8F}.Debug|iPhoneSimulator.Deploy.0 = Debug|iPhoneSimulator
		{F22A1986-1B8E-460E-B3AC-48A017459B8F}.Release|Any CPU.ActiveCfg = Release|iPhone
		{F22A1986-1B8E-460E-B3AC-48A017459B8F}.Release|Any CPU.Build.0 = Release|iPhone
		{F22A1986-1B8E-460E-B3AC-48A017459B8F}.Release|Any CPU.Deploy.0 = Release|iPhone
		{F22A1986-1B8E-460E-B3AC-48A017459B8F}.Release|iPhone.ActiveCfg = Release|iPhone
		{F22A1986-1B8E-460E-B3AC-48A017459B8F}.Release|iPhone.Build.0 = Release|iPhone
		{F22A1986-1B8E-460E-B3AC-48A017459B8F}.Release|iPhone.Deploy.0 = Release|iPhone
		{F22A1986-1B8E-460E-B3AC-48A017459B8F}.Release|iPhoneSimulator.ActiveCfg = Release|iPhoneSimulator
		{F22A1986-1B8E-460E-B3AC-48A017459B8F}.Release|iPhoneSimulator.Build.0 = Release|iPhoneSimulator
		{F22A1986-1B8E-460E-B3AC-48A017459B8F}.Release|iPhoneSimulator.Deploy.0 = Release|iPhoneSimulator
		{36C5D91A-DF20-49FC-8C3B-2F03D13A8BA5}.Debug|Any CPU.ActiveCfg = Debug|Any CPU
		{36C5D91A-DF20-49FC-8C3B-2F03D13A8BA5}.Debug|Any CPU.Build.0 = Debug|Any CPU
		{36C5D91A-DF20-49FC-8C3B-2F03D13A8BA5}.Debug|Any CPU.Deploy.0 = Debug|Any CPU
		{36C5D91A-DF20-49FC-8C3B-2F03D13A8BA5}.Debug|iPhone.ActiveCfg = Debug|Any CPU
		{36C5D91A-DF20-49FC-8C3B-2F03D13A8BA5}.Debug|iPhone.Build.0 = Debug|Any CPU
		{36C5D91A-DF20-49FC-8C3B-2F03D13A8BA5}.Debug|iPhone.Deploy.0 = Debug|Any CPU
		{36C5D91A-DF20-49FC-8C3B-2F03D13A8BA5}.Debug|iPhoneSimulator.ActiveCfg = Debug|Any CPU
		{36C5D91A-DF20-49FC-8C3B-2F03D13A8BA5}.Debug|iPhoneSimulator.Build.0 = Debug|Any CPU
		{36C5D91A-DF20-49FC-8C3B-2F03D13A8BA5}.Debug|iPhoneSimulator.Deploy.0 = Debug|Any CPU
		{36C5D91A-DF20-49FC-8C3B-2F03D13A8BA5}.Release|Any CPU.ActiveCfg = Release|Any CPU
		{36C5D91A-DF20-49FC-8C3B-2F03D13A8BA5}.Release|Any CPU.Build.0 = Release|Any CPU
		{36C5D91A-DF20-49FC-8C3B-2F03D13A8BA5}.Release|Any CPU.Deploy.0 = Release|Any CPU
		{36C5D91A-DF20-49FC-8C3B-2F03D13A8BA5}.Release|iPhone.ActiveCfg = Release|Any CPU
		{36C5D91A-DF20-49FC-8C3B-2F03D13A8BA5}.Release|iPhone.Build.0 = Release|Any CPU
		{36C5D91A-DF20-49FC-8C3B-2F03D13A8BA5}.Release|iPhone.Deploy.0 = Release|Any CPU
		{36C5D91A-DF20-49FC-8C3B-2F03D13A8BA5}.Release|iPhoneSimulator.ActiveCfg = Release|Any CPU
		{36C5D91A-DF20-49FC-8C3B-2F03D13A8BA5}.Release|iPhoneSimulator.Build.0 = Release|Any CPU
		{36C5D91A-DF20-49FC-8C3B-2F03D13A8BA5}.Release|iPhoneSimulator.Deploy.0 = Release|Any CPU
		{2B2797C7-4C9D-453B-87B4-0AEA43AFEF6A}.Debug|Any CPU.ActiveCfg = Debug|Any CPU
		{2B2797C7-4C9D-453B-87B4-0AEA43AFEF6A}.Debug|Any CPU.Build.0 = Debug|Any CPU
		{2B2797C7-4C9D-453B-87B4-0AEA43AFEF6A}.Debug|Any CPU.Deploy.0 = Debug|Any CPU
		{2B2797C7-4C9D-453B-87B4-0AEA43AFEF6A}.Debug|iPhone.ActiveCfg = Debug|Any CPU
		{2B2797C7-4C9D-453B-87B4-0AEA43AFEF6A}.Debug|iPhone.Build.0 = Debug|Any CPU
		{2B2797C7-4C9D-453B-87B4-0AEA43AFEF6A}.Debug|iPhone.Deploy.0 = Debug|Any CPU
		{2B2797C7-4C9D-453B-87B4-0AEA43AFEF6A}.Debug|iPhoneSimulator.ActiveCfg = Debug|Any CPU
		{2B2797C7-4C9D-453B-87B4-0AEA43AFEF6A}.Debug|iPhoneSimulator.Build.0 = Debug|Any CPU
		{2B2797C7-4C9D-453B-87B4-0AEA43AFEF6A}.Debug|iPhoneSimulator.Deploy.0 = Debug|Any CPU
		{2B2797C7-4C9D-453B-87B4-0AEA43AFEF6A}.Release|Any CPU.ActiveCfg = Release|Any CPU
		{2B2797C7-4C9D-453B-87B4-0AEA43AFEF6A}.Release|Any CPU.Build.0 = Release|Any CPU
		{2B2797C7-4C9D-453B-87B4-0AEA43AFEF6A}.Release|Any CPU.Deploy.0 = Release|Any CPU
		{2B2797C7-4C9D-453B-87B4-0AEA43AFEF6A}.Release|iPhone.ActiveCfg = Release|Any CPU
		{2B2797C7-4C9D-453B-87B4-0AEA43AFEF6A}.Release|iPhone.Build.0 = Release|Any CPU
		{2B2797C7-4C9D-453B-87B4-0AEA43AFEF6A}.Release|iPhone.Deploy.0 = Release|Any CPU
		{2B2797C7-4C9D-453B-87B4-0AEA43AFEF6A}.Release|iPhoneSimulator.ActiveCfg = Release|Any CPU
		{2B2797C7-4C9D-453B-87B4-0AEA43AFEF6A}.Release|iPhoneSimulator.Build.0 = Release|Any CPU
		{2B2797C7-4C9D-453B-87B4-0AEA43AFEF6A}.Release|iPhoneSimulator.Deploy.0 = Release|Any CPU
		{D5A58E90-50E7-4560-A0B4-935CAF48099E}.Debug|Any CPU.ActiveCfg = Debug|Any CPU
		{D5A58E90-50E7-4560-A0B4-935CAF48099E}.Debug|Any CPU.Build.0 = Debug|Any CPU
		{D5A58E90-50E7-4560-A0B4-935CAF48099E}.Debug|iPhone.ActiveCfg = Debug|Any CPU
		{D5A58E90-50E7-4560-A0B4-935CAF48099E}.Debug|iPhone.Build.0 = Debug|Any CPU
		{D5A58E90-50E7-4560-A0B4-935CAF48099E}.Debug|iPhoneSimulator.ActiveCfg = Debug|Any CPU
		{D5A58E90-50E7-4560-A0B4-935CAF48099E}.Debug|iPhoneSimulator.Build.0 = Debug|Any CPU
		{D5A58E90-50E7-4560-A0B4-935CAF48099E}.Release|Any CPU.ActiveCfg = Release|Any CPU
		{D5A58E90-50E7-4560-A0B4-935CAF48099E}.Release|Any CPU.Build.0 = Release|Any CPU
		{D5A58E90-50E7-4560-A0B4-935CAF48099E}.Release|iPhone.ActiveCfg = Release|Any CPU
		{D5A58E90-50E7-4560-A0B4-935CAF48099E}.Release|iPhone.Build.0 = Release|Any CPU
		{D5A58E90-50E7-4560-A0B4-935CAF48099E}.Release|iPhoneSimulator.ActiveCfg = Release|Any CPU
		{D5A58E90-50E7-4560-A0B4-935CAF48099E}.Release|iPhoneSimulator.Build.0 = Release|Any CPU
	EndGlobalSection
	GlobalSection(SolutionProperties) = preSolution
		HideSolutionNode = FALSE
	EndGlobalSection
	GlobalSection(ExtensibilityGlobals) = postSolution
		SolutionGuid = {AF70121C-196D-4349-93A5-0C5E29B5D93A}
	EndGlobalSection
EndGlobal
